
Microsoft Visual Studio Solution File, Format Version 12.00
# Visual Studio Version 16
VisualStudioVersion = 16.0.31729.503
MinimumVisualStudioVersion = 10.0.40219.1
Project("{FAE04EC0-301F-11D3-BF4B-00C04F79EFBC}") = "Coding_Challenge_3", "Coding_Challenge_3\Coding_Challenge_3.csproj", "{A73122E2-E507-4FA2-A6A9-15418F610228}"
EndProject
Global
	GlobalSection(SolutionConfigurationPlatforms) = preSolution
		Debug|Any CPU = Debug|Any CPU
		Release|Any CPU = Release|Any CPU
	EndGlobalSection
	GlobalSection(ProjectConfigurationPlatforms) = postSolution
		{A73122E2-E507-4FA2-A6A9-15418F610228}.Debug|Any CPU.ActiveCfg = Debug|Any CPU
		{A73122E2-E507-4FA2-A6A9-15418F610228}.Debug|Any CPU.Build.0 = Debug|Any CPU
		{A73122E2-E507-4FA2-A6A9-15418F610228}.Release|Any CPU.ActiveCfg = Release|Any CPU
		{A73122E2-E507-4FA2-A6A9-15418F610228}.Release|Any CPU.Build.0 = Release|Any CPU
	EndGlobalSection
	GlobalSection(SolutionProperties) = preSolution
		HideSolutionNode = FALSE
	EndGlobalSection
	GlobalSection(ExtensibilityGlobals) = postSolution
		SolutionGuid = {5697F6ED-C7F6-4DF7-88E3-E0F2EEDE0E3A}
	EndGlobalSection
EndGlobal
